
Microsoft Visual Studio Solution File, Format Version 12.00
# Visual Studio 14
VisualStudioVersion = 14.0.25123.0
MinimumVisualStudioVersion = 10.0.40219.1
Project("{FAE04EC0-301F-11D3-BF4B-00C04F79EFBC}") = "DailyIncome", "DailyIncome\DailyIncome.csproj", "{0E7816A1-4B44-425F-B531-51829027BB12}"
EndProject
Project("{FAE04EC0-301F-11D3-BF4B-00C04F79EFBC}") = "Firm", "Firm\Firm.csproj", "{FB3B69D8-2972-4A1B-A576-F5C5AE7781D0}"
EndProject
Project("{FAE04EC0-301F-11D3-BF4B-00C04F79EFBC}") = "HotelRoom", "HotelRoom\HotelRoom.csproj", "{C99AD3CF-6362-41EB-9760-F1C60115A55A}"
EndProject
Project("{FAE04EC0-301F-11D3-BF4B-00C04F79EFBC}") = "Hospital", "Hospital\Hospital.csproj", "{AD718DEB-552B-47E0-BD20-5F368DA6F003}"
EndProject
Project("{FAE04EC0-301F-11D3-BF4B-00C04F79EFBC}") = "Axe", "Axe\Axe.csproj", "{1FBB8024-2411-4418-B2D1-C9BC4B003D49}"
EndProject
Project("{FAE04EC0-301F-11D3-BF4B-00C04F79EFBC}") = "Numbers", "Numbers\Numbers.csproj", "{28C66884-D5C9-48D4-AA48-2DCC445DE0FF}"
EndProject
Global
	GlobalSection(SolutionConfigurationPlatforms) = preSolution
		Debug|Any CPU = Debug|Any CPU
		Release|Any CPU = Release|Any CPU
	EndGlobalSection
	GlobalSection(ProjectConfigurationPlatforms) = postSolution
		{0E7816A1-4B44-425F-B531-51829027BB12}.Debug|Any CPU.ActiveCfg = Debug|Any CPU
		{0E7816A1-4B44-425F-B531-51829027BB12}.Debug|Any CPU.Build.0 = Debug|Any CPU
		{0E7816A1-4B44-425F-B531-51829027BB12}.Release|Any CPU.ActiveCfg = Release|Any CPU
		{0E7816A1-4B44-425F-B531-51829027BB12}.Release|Any CPU.Build.0 = Release|Any CPU
		{FB3B69D8-2972-4A1B-A576-F5C5AE7781D0}.Debug|Any CPU.ActiveCfg = Debug|Any CPU
		{FB3B69D8-2972-4A1B-A576-F5C5AE7781D0}.Debug|Any CPU.Build.0 = Debug|Any CPU
		{FB3B69D8-2972-4A1B-A576-F5C5AE7781D0}.Release|Any CPU.ActiveCfg = Release|Any CPU
		{FB3B69D8-2972-4A1B-A576-F5C5AE7781D0}.Release|Any CPU.Build.0 = Release|Any CPU
		{C99AD3CF-6362-41EB-9760-F1C60115A55A}.Debug|Any CPU.ActiveCfg = Debug|Any CPU
		{C99AD3CF-6362-41EB-9760-F1C60115A55A}.Debug|Any CPU.Build.0 = Debug|Any CPU
		{C99AD3CF-6362-41EB-9760-F1C60115A55A}.Release|Any CPU.ActiveCfg = Release|Any CPU
		{C99AD3CF-6362-41EB-9760-F1C60115A55A}.Release|Any CPU.Build.0 = Release|Any CPU
		{AD718DEB-552B-47E0-BD20-5F368DA6F003}.Debug|Any CPU.ActiveCfg = Debug|Any CPU
		{AD718DEB-552B-47E0-BD20-5F368DA6F003}.Debug|Any CPU.Build.0 = Debug|Any CPU
		{AD718DEB-552B-47E0-BD20-5F368DA6F003}.Release|Any CPU.ActiveCfg = Release|Any CPU
		{AD718DEB-552B-47E0-BD20-5F368DA6F003}.Release|Any CPU.Build.0 = Release|Any CPU
		{1FBB8024-2411-4418-B2D1-C9BC4B003D49}.Debug|Any CPU.ActiveCfg = Debug|Any CPU
		{1FBB8024-2411-4418-B2D1-C9BC4B003D49}.Debug|Any CPU.Build.0 = Debug|Any CPU
		{1FBB8024-2411-4418-B2D1-C9BC4B003D49}.Release|Any CPU.ActiveCfg = Release|Any CPU
		{1FBB8024-2411-4418-B2D1-C9BC4B003D49}.Release|Any CPU.Build.0 = Release|Any CPU
		{28C66884-D5C9-48D4-AA48-2DCC445DE0FF}.Debug|Any CPU.ActiveCfg = Debug|Any CPU
		{28C66884-D5C9-48D4-AA48-2DCC445DE0FF}.Debug|Any CPU.Build.0 = Debug|Any CPU
		{28C66884-D5C9-48D4-AA48-2DCC445DE0FF}.Release|Any CPU.ActiveCfg = Release|Any CPU
		{28C66884-D5C9-48D4-AA48-2DCC445DE0FF}.Release|Any CPU.Build.0 = Release|Any CPU
	EndGlobalSection
	GlobalSection(SolutionProperties) = preSolution
		HideSolutionNode = FALSE
	EndGlobalSection
EndGlobal
